
Microsoft Visual Studio Solution File, Format Version 12.00
# Visual Studio Version 16
VisualStudioVersion = 16.0.32228.343
MinimumVisualStudioVersion = 10.0.40219.1
Project("{FAE04EC0-301F-11D3-BF4B-00C04F79EFBC}") = "DotNetNote", "DotNetNote.csproj", "{BC7EE44F-648A-4337-A03E-23F2D872E454}"
EndProject
Global
	GlobalSection(SolutionConfigurationPlatforms) = preSolution
		Debug|Any CPU = Debug|Any CPU
		Release|Any CPU = Release|Any CPU
	EndGlobalSection
	GlobalSection(ProjectConfigurationPlatforms) = postSolution
		{BC7EE44F-648A-4337-A03E-23F2D872E454}.Debug|Any CPU.ActiveCfg = Debug|Any CPU
		{BC7EE44F-648A-4337-A03E-23F2D872E454}.Debug|Any CPU.Build.0 = Debug|Any CPU
		{BC7EE44F-648A-4337-A03E-23F2D872E454}.Release|Any CPU.ActiveCfg = Release|Any CPU
		{BC7EE44F-648A-4337-A03E-23F2D872E454}.Release|Any CPU.Build.0 = Release|Any CPU
	EndGlobalSection
	GlobalSection(SolutionProperties) = preSolution
		HideSolutionNode = FALSE
	EndGlobalSection
	GlobalSection(ExtensibilityGlobals) = postSolution
		SolutionGuid = {2F9AE5A2-81D2-43A6-AEE7-B470512DD20B}
	EndGlobalSection
EndGlobal
